
Microsoft Visual Studio Solution File, Format Version 12.00
# Visual Studio 15
VisualStudioVersion = 15.0.26730.16
MinimumVisualStudioVersion = 10.0.40219.1
Project("{FAE04EC0-301F-11D3-BF4B-00C04F79EFBC}") = "Routing", "Routing\Routing.csproj", "{374F3DF3-6E33-4E3A-BB4B-2C02DAD1EEC3}"
EndProject
Project("{FAE04EC0-301F-11D3-BF4B-00C04F79EFBC}") = "WebApplicationNew", "WebApplicationNew\WebApplicationNew.csproj", "{DE250AC9-8E7E-43D8-8EE0-E2A9E251C0DB}"
EndProject
Project("{FAE04EC0-301F-11D3-BF4B-00C04F79EFBC}") = "Demo", "Demo\Demo.csproj", "{5A65DD07-BF54-4EEC-BEB1-86DACE41D587}"
EndProject
Global
	GlobalSection(SolutionConfigurationPlatforms) = preSolution
		Debug|Any CPU = Debug|Any CPU
		Release|Any CPU = Release|Any CPU
	EndGlobalSection
	GlobalSection(ProjectConfigurationPlatforms) = postSolution
		{374F3DF3-6E33-4E3A-BB4B-2C02DAD1EEC3}.Debug|Any CPU.ActiveCfg = Debug|Any CPU
		{374F3DF3-6E33-4E3A-BB4B-2C02DAD1EEC3}.Debug|Any CPU.Build.0 = Debug|Any CPU
		{374F3DF3-6E33-4E3A-BB4B-2C02DAD1EEC3}.Release|Any CPU.ActiveCfg = Release|Any CPU
		{374F3DF3-6E33-4E3A-BB4B-2C02DAD1EEC3}.Release|Any CPU.Build.0 = Release|Any CPU
		{DE250AC9-8E7E-43D8-8EE0-E2A9E251C0DB}.Debug|Any CPU.ActiveCfg = Debug|Any CPU
		{DE250AC9-8E7E-43D8-8EE0-E2A9E251C0DB}.Debug|Any CPU.Build.0 = Debug|Any CPU
		{DE250AC9-8E7E-43D8-8EE0-E2A9E251C0DB}.Release|Any CPU.ActiveCfg = Release|Any CPU
		{DE250AC9-8E7E-43D8-8EE0-E2A9E251C0DB}.Release|Any CPU.Build.0 = Release|Any CPU
		{5A65DD07-BF54-4EEC-BEB1-86DACE41D587}.Debug|Any CPU.ActiveCfg = Debug|Any CPU
		{5A65DD07-BF54-4EEC-BEB1-86DACE41D587}.Debug|Any CPU.Build.0 = Debug|Any CPU
		{5A65DD07-BF54-4EEC-BEB1-86DACE41D587}.Release|Any CPU.ActiveCfg = Release|Any CPU
		{5A65DD07-BF54-4EEC-BEB1-86DACE41D587}.Release|Any CPU.Build.0 = Release|Any CPU
	EndGlobalSection
	GlobalSection(SolutionProperties) = preSolution
		HideSolutionNode = FALSE
	EndGlobalSection
	GlobalSection(ExtensibilityGlobals) = postSolution
		SolutionGuid = {329A6324-364C-4366-B24C-108F3D1115E1}
	EndGlobalSection
EndGlobal
