
Microsoft Visual Studio Solution File, Format Version 12.00
# Visual Studio 15
VisualStudioVersion = 15.0.26730.16
MinimumVisualStudioVersion = 10.0.40219.1
Project("{FAE04EC0-301F-11D3-BF4B-00C04F79EFBC}") = "WebApplicationNew", "WebApplicationNew\WebApplicationNew.csproj", "{DE250AC9-8E7E-43D8-8EE0-E2A9E251C0DB}"
EndProject
Global
	GlobalSection(SolutionConfigurationPlatforms) = preSolution
		Debug|Any CPU = Debug|Any CPU
		Release|Any CPU = Release|Any CPU
	EndGlobalSection
	GlobalSection(ProjectConfigurationPlatforms) = postSolution
		{DE250AC9-8E7E-43D8-8EE0-E2A9E251C0DB}.Debug|Any CPU.ActiveCfg = Debug|Any CPU
		{DE250AC9-8E7E-43D8-8EE0-E2A9E251C0DB}.Debug|Any CPU.Build.0 = Debug|Any CPU
		{DE250AC9-8E7E-43D8-8EE0-E2A9E251C0DB}.Release|Any CPU.ActiveCfg = Release|Any CPU
		{DE250AC9-8E7E-43D8-8EE0-E2A9E251C0DB}.Release|Any CPU.Build.0 = Release|Any CPU
	EndGlobalSection
	GlobalSection(SolutionProperties) = preSolution
		HideSolutionNode = FALSE
	EndGlobalSection
	GlobalSection(ExtensibilityGlobals) = postSolution
		SolutionGuid = {329A6324-364C-4366-B24C-108F3D1115E1}
	EndGlobalSection
EndGlobal
